
Microsoft Visual Studio Solution File, Format Version 12.00
# Visual Studio Version 17
VisualStudioVersion = 17.13.35931.197 d17.13
MinimumVisualStudioVersion = 10.0.40219.1
Project("{FAE04EC0-301F-11D3-BF4B-00C04F79EFBC}") = "ConsoleUI", "ConsoleUI\ConsoleUI.csproj", "{2827200E-48D4-438B-8B33-1F3521DF576F}"
EndProject
Project("{FAE04EC0-301F-11D3-BF4B-00C04F79EFBC}") = "HelperLibrary", "HelperLibrary\HelperLibrary.csproj", "{E3288F09-37E9-4C9F-BE28-F879CBD15773}"
EndProject
Global
	GlobalSection(SolutionConfigurationPlatforms) = preSolution
		Debug|Any CPU = Debug|Any CPU
		Release|Any CPU = Release|Any CPU
	EndGlobalSection
	GlobalSection(ProjectConfigurationPlatforms) = postSolution
		{2827200E-48D4-438B-8B33-1F3521DF576F}.Debug|Any CPU.ActiveCfg = Debug|Any CPU
		{2827200E-48D4-438B-8B33-1F3521DF576F}.Debug|Any CPU.Build.0 = Debug|Any CPU
		{2827200E-48D4-438B-8B33-1F3521DF576F}.Release|Any CPU.ActiveCfg = Release|Any CPU
		{2827200E-48D4-438B-8B33-1F3521DF576F}.Release|Any CPU.Build.0 = Release|Any CPU
		{E3288F09-37E9-4C9F-BE28-F879CBD15773}.Debug|Any CPU.ActiveCfg = Debug|Any CPU
		{E3288F09-37E9-4C9F-BE28-F879CBD15773}.Debug|Any CPU.Build.0 = Debug|Any CPU
		{E3288F09-37E9-4C9F-BE28-F879CBD15773}.Release|Any CPU.ActiveCfg = Release|Any CPU
		{E3288F09-37E9-4C9F-BE28-F879CBD15773}.Release|Any CPU.Build.0 = Release|Any CPU
	EndGlobalSection
	GlobalSection(SolutionProperties) = preSolution
		HideSolutionNode = FALSE
	EndGlobalSection
	GlobalSection(ExtensibilityGlobals) = postSolution
		SolutionGuid = {29DF906C-A3A0-4A3C-A028-963E3668783D}
	EndGlobalSection
EndGlobal
